<Solution>
  <Folder Name="/src/">
    <Project Path="src/Api/Api.csproj" />
    <Project Path="src/Aplicacion/Aplicacion.csproj" />
    <Project Path="src/Dominio/Dominio.csproj" />
    <Project Path="src/Infraestructura/Infraestructura.csproj" />
    <Project Path="src/AppHost/AppHost.csproj" />
    <Project Path="src/ServiceDefaults/ServiceDefaults.csproj" />
  </Folder>
</Solution>
